<?xml version="1.0" encoding="utf-8"?>
<Project ToolsVersion="4.0" xmlns="http://schemas.microsoft.com/developer/msbuild/2003">
  <ItemGroup>
    <Filter Include="ソース ファイル">
      <UniqueIdentifier>{4FC737F1-C7A5-4376-A066-2A32D752A2FF}</UniqueIdentifier>
      <Extensions>cpp;c;cc;cxx;c++;cppm;ixx;def;odl;idl;hpj;bat;asm;asmx</Extensions>
    </Filter>
    <Filter Include="ヘッダー ファイル">
      <UniqueIdentifier>{93995380-89BD-4b04-88EB-625FBE52EBFB}</UniqueIdentifier>
      <Extensions>h;hh;hpp;hxx;h++;hm;inl;inc;ipp;xsd</Extensions>
    </Filter>
    <Filter Include="リソース ファイル">
      <UniqueIdentifier>{67DA6AB6-F800-4c08-8B7A-83BB121AAD01}</UniqueIdentifier>
      <Extensions>rc;ico;cur;bmp;dlg;rc2;rct;bin;rgs;gif;jpg;jpeg;jpe;resx;tiff;tif;png;wav;mfcribbon-ms</Extensions>
    </Filter>
    <Filter Include="ソース ファイル\base">
      <UniqueIdentifier>{3a4b7716-6f99-42a7-a5f9-ca70fa0c22ae}</UniqueIdentifier>
    </Filter>
    <Filter Include="ヘッダー ファイル\base">
      <UniqueIdentifier>{66ee5674-209b-4950-90a0-6d4471266905}</UniqueIdentifier>
    </Filter>
    <Filter Include="ソース ファイル\fbx">
      <UniqueIdentifier>{8e67146e-ea7d-47ff-8d0b-a89aafdf31ae}</UniqueIdentifier>
    </Filter>
    <Filter Include="ヘッダー ファイル\fbx">
      <UniqueIdentifier>{283aea25-45f1-41cb-bae9-dd8791df00bc}</UniqueIdentifier>
    </Filter>
    <Filter Include="リソース ファイル\Shaders">
      <UniqueIdentifier>{a0811bc8-edb0-462d-94ad-fbf108442623}</UniqueIdentifier>
    </Filter>
    <Filter Include="ソース ファイル\light">
      <UniqueIdentifier>{83486a7a-0b44-451a-934d-289376bb2329}</UniqueIdentifier>
    </Filter>
    <Filter Include="ヘッダー ファイル\light">
      <UniqueIdentifier>{e75dbca6-5c7b-4d44-b7d3-8f0b4930d796}</UniqueIdentifier>
    </Filter>
    <Filter Include="ソース ファイル\particle">
      <UniqueIdentifier>{a3ba203a-a85f-4bfa-92fb-a2327d0836a2}</UniqueIdentifier>
    </Filter>
    <Filter Include="ヘッダー ファイル\particle">
      <UniqueIdentifier>{a979c98a-f096-410a-b6c3-4643d9e706c7}</UniqueIdentifier>
    </Filter>
    <Filter Include="ソース ファイル\2d">
      <UniqueIdentifier>{327275f0-1b93-4ae3-8354-3b717f4000a4}</UniqueIdentifier>
    </Filter>
    <Filter Include="リソース ファイル\Shaders\Fbx">
      <UniqueIdentifier>{0fc7fdbd-b252-4fd6-97b2-e891e962a173}</UniqueIdentifier>
    </Filter>
    <Filter Include="ヘッダー ファイル\2d">
      <UniqueIdentifier>{3b2419d9-2a6c-4aaa-9b74-86db9adbe1c0}</UniqueIdentifier>
    </Filter>
    <Filter Include="ソース ファイル\collision">
      <UniqueIdentifier>{ce983ff1-5733-421d-82b6-fc3218bd4ea8}</UniqueIdentifier>
    </Filter>
    <Filter Include="ヘッダー ファイル\collision">
      <UniqueIdentifier>{824663ec-2075-4a3a-b43b-b5349bebf6bb}</UniqueIdentifier>
    </Filter>
    <Filter Include="ヘッダー ファイル\gameObject">
      <UniqueIdentifier>{c711ffc7-cc2a-4f95-9bc9-9aed7f931c94}</UniqueIdentifier>
    </Filter>
    <Filter Include="ソース ファイル\gameObject">
      <UniqueIdentifier>{8357b98d-e709-43e3-a9fe-62a282989179}</UniqueIdentifier>
    </Filter>
    <Filter Include="ソース ファイル\math">
      <UniqueIdentifier>{5f32410b-35a5-486f-8ae6-26f1e23da1b8}</UniqueIdentifier>
    </Filter>
    <Filter Include="ヘッダー ファイル\math">
      <UniqueIdentifier>{560cffe6-f50f-4353-bca0-4d0e570b9616}</UniqueIdentifier>
    </Filter>
    <Filter Include="リソース ファイル\Shaders\PostEffect">
      <UniqueIdentifier>{402df79d-994f-4ded-a59f-80723ab3312f}</UniqueIdentifier>
    </Filter>
    <Filter Include="リソース ファイル\Shaders\PostEffect\Vignette">
      <UniqueIdentifier>{b3013511-7a7f-4302-9a33-7ac45a070e35}</UniqueIdentifier>
    </Filter>
    <Filter Include="リソース ファイル\Shaders\PostEffect\ShadowMap">
      <UniqueIdentifier>{6f5b8354-9b61-4a9e-a5de-5f17dec95271}</UniqueIdentifier>
    </Filter>
    <Filter Include="リソース ファイル\Shaders\PostEffect\Reversal">
      <UniqueIdentifier>{c1f91af3-930a-4698-9a16-ec3e3e56b746}</UniqueIdentifier>
    </Filter>
    <Filter Include="リソース ファイル\Shaders\PostEffect\Mosaic">
      <UniqueIdentifier>{b892da66-aed6-4530-bb9f-af65f70c9250}</UniqueIdentifier>
    </Filter>
    <Filter Include="リソース ファイル\Shaders\PostEffect\Monochrome">
      <UniqueIdentifier>{4fbadb45-6ccd-4c05-9c91-467f3a8cbe8b}</UniqueIdentifier>
    </Filter>
    <Filter Include="リソース ファイル\Shaders\PostEffect\Fog">
      <UniqueIdentifier>{f2f2e7e2-b7f6-4153-92d6-ca3381bb7719}</UniqueIdentifier>
    </Filter>
    <Filter Include="リソース ファイル\Shaders\PostEffect\DepthOfField">
      <UniqueIdentifier>{bb7c4e1f-1ad2-4f1d-963e-ea0c03c429b1}</UniqueIdentifier>
    </Filter>
    <Filter Include="リソース ファイル\Shaders\PostEffect\ChromaticAberration">
      <UniqueIdentifier>{467bcbdc-35e8-46a2-920a-b83a2b62300e}</UniqueIdentifier>
    </Filter>
    <Filter Include="リソース ファイル\Shaders\PostEffect\Blur">
      <UniqueIdentifier>{cf2c983d-d3fb-4904-b2f9-15c4f25da02c}</UniqueIdentifier>
    </Filter>
    <Filter Include="リソース ファイル\Shaders\Object">
      <UniqueIdentifier>{21950f4a-992c-4889-aaa9-d6cdc1a7a2b2}</UniqueIdentifier>
    </Filter>
    <Filter Include="リソース ファイル\Shaders\Object\BillboardSprite">
      <UniqueIdentifier>{70d04ab9-4735-4ea3-8f77-8218a9ec0376}</UniqueIdentifier>
    </Filter>
    <Filter Include="リソース ファイル\Shaders\Object\ColliderCube">
      <UniqueIdentifier>{0b852e2f-178b-44c4-83db-766d8497e7dd}</UniqueIdentifier>
    </Filter>
    <Filter Include="リソース ファイル\Shaders\Object\SparkParticle2">
      <UniqueIdentifier>{d92ccffa-7fc9-4e7a-bd81-aed17d9eaab9}</UniqueIdentifier>
    </Filter>
    <Filter Include="リソース ファイル\Shaders\Object\SparkParticle">
      <UniqueIdentifier>{98f5ed31-3534-4780-b08f-78cc1a8b0205}</UniqueIdentifier>
    </Filter>
    <Filter Include="リソース ファイル\Shaders\Object\Sprite">
      <UniqueIdentifier>{ab6110c7-1521-480e-a756-730415e71740}</UniqueIdentifier>
    </Filter>
    <Filter Include="リソース ファイル\Shaders\Object\VolumeLight">
      <UniqueIdentifier>{17a41289-5383-4e7b-9f9d-8d170971a6dc}</UniqueIdentifier>
    </Filter>
    <Filter Include="リソース ファイル\Shaders\Fbx\Ground">
      <UniqueIdentifier>{47d93167-2172-44ba-9c9c-9729316e7ef9}</UniqueIdentifier>
    </Filter>
    <Filter Include="リソース ファイル\Shaders\Object\ExplosionParticle1">
      <UniqueIdentifier>{c41a610c-6e8a-434e-8715-42c695a77111}</UniqueIdentifier>
    </Filter>
    <Filter Include="リソース ファイル\Shaders\Object\ExplosionParticle2">
      <UniqueIdentifier>{1d9b0217-57cb-45e1-8155-c0e0adf8679a}</UniqueIdentifier>
    </Filter>
  </ItemGroup>
  <ItemGroup>
    <ClCompile Include="2d\MonochromeEffect.cpp">
      <Filter>ソース ファイル\2d</Filter>
    </ClCompile>
    <ClCompile Include="2d\BlurEffect.cpp">
      <Filter>ソース ファイル\2d</Filter>
    </ClCompile>
    <ClCompile Include="2d\MosaicEffect.cpp">
      <Filter>ソース ファイル\2d</Filter>
    </ClCompile>
    <ClCompile Include="2d\ReversalEffect.cpp">
      <Filter>ソース ファイル\2d</Filter>
    </ClCompile>
    <ClCompile Include="2d\ChromaticAberrationEffect.cpp">
      <Filter>ソース ファイル\2d</Filter>
    </ClCompile>
    <ClCompile Include="2d\ShadowMap.cpp">
      <Filter>ソース ファイル\2d</Filter>
    </ClCompile>
    <ClCompile Include="2d\DepthOfField.cpp">
      <Filter>ソース ファイル\2d</Filter>
    </ClCompile>
    <ClCompile Include="2d\Fog.cpp">
      <Filter>ソース ファイル\2d</Filter>
    </ClCompile>
    <ClCompile Include="2d\Vignette.cpp">
      <Filter>ソース ファイル\2d</Filter>
    </ClCompile>
    <ClCompile Include="application\GameScene.cpp">
      <Filter>ソース ファイル</Filter>
    </ClCompile>
    <ClCompile Include="engine\main.cpp">
      <Filter>ソース ファイル</Filter>
    </ClCompile>
    <ClCompile Include="application\gameObject\Enemy.cpp">
      <Filter>ソース ファイル\gameObject</Filter>
    </ClCompile>
    <ClCompile Include="application\gameObject\Plane.cpp">
      <Filter>ソース ファイル\gameObject</Filter>
    </ClCompile>
    <ClCompile Include="application\gameObject\Player.cpp">
      <Filter>ソース ファイル\gameObject</Filter>
    </ClCompile>
    <ClCompile Include="application\gameObject\PlayerBullet.cpp">
      <Filter>ソース ファイル\gameObject</Filter>
    </ClCompile>
    <ClCompile Include="engine\base\Camera.cpp">
      <Filter>ソース ファイル\base</Filter>
    </ClCompile>
    <ClCompile Include="engine\base\CSVLoader.cpp">
      <Filter>ソース ファイル\base</Filter>
    </ClCompile>
    <ClCompile Include="engine\base\DirectXCommon.cpp">
      <Filter>ソース ファイル\base</Filter>
    </ClCompile>
    <ClCompile Include="engine\base\DXInput.cpp">
      <Filter>ソース ファイル\base</Filter>
    </ClCompile>
    <ClCompile Include="engine\base\FPS.cpp">
      <Filter>ソース ファイル\base</Filter>
    </ClCompile>
    <ClCompile Include="engine\base\ImGuiManager.cpp">
      <Filter>ソース ファイル\base</Filter>
    </ClCompile>
    <ClCompile Include="engine\base\Input.cpp">
      <Filter>ソース ファイル\base</Filter>
    </ClCompile>
    <ClCompile Include="engine\base\JSONLoader.cpp">
      <Filter>ソース ファイル\base</Filter>
    </ClCompile>
    <ClCompile Include="engine\base\Message.cpp">
      <Filter>ソース ファイル\base</Filter>
    </ClCompile>
    <ClCompile Include="engine\base\Sprite.cpp">
      <Filter>ソース ファイル\base</Filter>
    </ClCompile>
    <ClCompile Include="engine\base\TextureManager.cpp">
      <Filter>ソース ファイル\base</Filter>
    </ClCompile>
    <ClCompile Include="engine\base\WinApp.cpp">
      <Filter>ソース ファイル\base</Filter>
    </ClCompile>
    <ClCompile Include="engine\collision\ColliderCubeModel.cpp">
      <Filter>ソース ファイル\collision</Filter>
    </ClCompile>
    <ClCompile Include="engine\collision\ColliderCubeObject.cpp">
      <Filter>ソース ファイル\collision</Filter>
    </ClCompile>
    <ClCompile Include="engine\collision\ColliderManager.cpp">
      <Filter>ソース ファイル\collision</Filter>
    </ClCompile>
    <ClCompile Include="engine\collision\ColliderPlaneModel.cpp">
      <Filter>ソース ファイル\collision</Filter>
    </ClCompile>
    <ClCompile Include="engine\collision\ColliderPlaneObject.cpp">
      <Filter>ソース ファイル\collision</Filter>
    </ClCompile>
    <ClCompile Include="engine\collision\ColliderSphereModel.cpp">
      <Filter>ソース ファイル\collision</Filter>
    </ClCompile>
    <ClCompile Include="engine\collision\ColliderSphereObject .cpp">
      <Filter>ソース ファイル\collision</Filter>
    </ClCompile>
    <ClCompile Include="engine\collision\Collision.cpp">
      <Filter>ソース ファイル\collision</Filter>
    </ClCompile>
    <ClCompile Include="engine\collision\CollisionPrimitive.cpp">
      <Filter>ソース ファイル\collision</Filter>
    </ClCompile>
    <ClCompile Include="engine\fbx\FbxLoader.cpp">
      <Filter>ソース ファイル\fbx</Filter>
    </ClCompile>
    <ClCompile Include="engine\fbx\FbxModel.cpp">
      <Filter>ソース ファイル\fbx</Filter>
    </ClCompile>
    <ClCompile Include="engine\fbx\FbxObject3D.cpp">
      <Filter>ソース ファイル\fbx</Filter>
    </ClCompile>
    <ClCompile Include="engine\light\DirectionalLight.cpp">
      <Filter>ソース ファイル\light</Filter>
    </ClCompile>
    <ClCompile Include="engine\light\Light.cpp">
      <Filter>ソース ファイル\light</Filter>
    </ClCompile>
    <ClCompile Include="engine\light\LightGroup.cpp">
      <Filter>ソース ファイル\light</Filter>
    </ClCompile>
    <ClCompile Include="engine\light\PointLight.cpp">
      <Filter>ソース ファイル\light</Filter>
    </ClCompile>
    <ClCompile Include="engine\light\SpotLight.cpp">
      <Filter>ソース ファイル\light</Filter>
    </ClCompile>
    <ClCompile Include="engine\math\mathOriginal.cpp">
      <Filter>ソース ファイル\math</Filter>
    </ClCompile>
    <ClCompile Include="engine\math\Matrix4.cpp">
      <Filter>ソース ファイル\math</Filter>
    </ClCompile>
    <ClCompile Include="engine\particle\FireParticle.cpp">
      <Filter>ソース ファイル\particle</Filter>
    </ClCompile>
    <ClCompile Include="engine\particle\SparkParticle.cpp">
      <Filter>ソース ファイル\particle</Filter>
    </ClCompile>
    <ClCompile Include="engine\base\BIllboardSprite.cpp">
      <Filter>ソース ファイル\base</Filter>
    </ClCompile>
    <ClCompile Include="engine\base\BillboardSpriteModel.cpp">
      <Filter>ソース ファイル\base</Filter>
    </ClCompile>
    <ClCompile Include="engine\particle\SparkParticle2.cpp">
      <Filter>ソース ファイル\particle</Filter>
    </ClCompile>
    <ClCompile Include="engine\particle\ExplosionParticle1.cpp">
      <Filter>ソース ファイル\particle</Filter>
    </ClCompile>
    <ClCompile Include="engine\particle\ExplosionParticle2.cpp">
      <Filter>ソース ファイル\particle</Filter>
    </ClCompile>
    <ClCompile Include="engine\base\SoundManager.cpp">
      <Filter>ソース ファイル\base</Filter>
    </ClCompile>
  </ItemGroup>
  <ItemGroup>
    <ClInclude Include="2d\MonochromeEffect.h">
      <Filter>ヘッダー ファイル\2d</Filter>
    </ClInclude>
    <ClInclude Include="2d\BlurEffect.h">
      <Filter>ヘッダー ファイル\2d</Filter>
    </ClInclude>
    <ClInclude Include="2d\MosaicEffect.h">
      <Filter>ヘッダー ファイル\2d</Filter>
    </ClInclude>
    <ClInclude Include="2d\ReversalEffect.h">
      <Filter>ヘッダー ファイル\2d</Filter>
    </ClInclude>
    <ClInclude Include="2d\ChromaticAberrationEffect.h">
      <Filter>ヘッダー ファイル\2d</Filter>
    </ClInclude>
    <ClInclude Include="2d\ShadowMap.h">
      <Filter>ヘッダー ファイル\2d</Filter>
    </ClInclude>
    <ClInclude Include="2d\DepthOfField.h">
      <Filter>ヘッダー ファイル\2d</Filter>
    </ClInclude>
    <ClInclude Include="2d\Fog.h">
      <Filter>ヘッダー ファイル\2d</Filter>
    </ClInclude>
    <ClInclude Include="2d\Vignette.h">
      <Filter>ヘッダー ファイル\2d</Filter>
    </ClInclude>
    <ClInclude Include="application\GameScene.h">
      <Filter>ヘッダー ファイル</Filter>
    </ClInclude>
    <ClInclude Include="application\gameObject\Enemy.h">
      <Filter>ヘッダー ファイル\gameObject</Filter>
    </ClInclude>
    <ClInclude Include="application\gameObject\Plane.h">
      <Filter>ヘッダー ファイル\gameObject</Filter>
    </ClInclude>
    <ClInclude Include="application\gameObject\Player.h">
      <Filter>ヘッダー ファイル\gameObject</Filter>
    </ClInclude>
    <ClInclude Include="application\gameObject\PlayerBullet.h">
      <Filter>ヘッダー ファイル\gameObject</Filter>
    </ClInclude>
    <ClInclude Include="engine\base\json.hpp">
      <Filter>ソース ファイル\base</Filter>
    </ClInclude>
    <ClInclude Include="engine\base\Camera.h">
      <Filter>ヘッダー ファイル\base</Filter>
    </ClInclude>
    <ClInclude Include="engine\base\CSVLoader.h">
      <Filter>ヘッダー ファイル\base</Filter>
    </ClInclude>
    <ClInclude Include="engine\base\DirectXCommon.h">
      <Filter>ヘッダー ファイル\base</Filter>
    </ClInclude>
    <ClInclude Include="engine\base\DXInput.h">
      <Filter>ヘッダー ファイル\base</Filter>
    </ClInclude>
    <ClInclude Include="engine\base\FPS.h">
      <Filter>ヘッダー ファイル\base</Filter>
    </ClInclude>
    <ClInclude Include="engine\base\ImGuiManager.h">
      <Filter>ヘッダー ファイル\base</Filter>
    </ClInclude>
    <ClInclude Include="engine\base\Input.h">
      <Filter>ヘッダー ファイル\base</Filter>
    </ClInclude>
    <ClInclude Include="engine\base\JSONLoader.h">
      <Filter>ヘッダー ファイル\base</Filter>
    </ClInclude>
    <ClInclude Include="engine\base\Message.h">
      <Filter>ヘッダー ファイル\base</Filter>
    </ClInclude>
    <ClInclude Include="engine\base\Sprite.h">
      <Filter>ヘッダー ファイル\base</Filter>
    </ClInclude>
    <ClInclude Include="engine\base\TextureManager.h">
      <Filter>ヘッダー ファイル\base</Filter>
    </ClInclude>
    <ClInclude Include="engine\base\WinApp.h">
      <Filter>ヘッダー ファイル\base</Filter>
    </ClInclude>
    <ClInclude Include="engine\collision\ColliderCubeModel.h">
      <Filter>ヘッダー ファイル\collision</Filter>
    </ClInclude>
    <ClInclude Include="engine\collision\ColliderCubeObject.h">
      <Filter>ヘッダー ファイル\collision</Filter>
    </ClInclude>
    <ClInclude Include="engine\collision\ColliderManager.h">
      <Filter>ヘッダー ファイル\collision</Filter>
    </ClInclude>
    <ClInclude Include="engine\collision\ColliderPlaneModel.h">
      <Filter>ヘッダー ファイル\collision</Filter>
    </ClInclude>
    <ClInclude Include="engine\collision\ColliderPlaneObject.h">
      <Filter>ヘッダー ファイル\collision</Filter>
    </ClInclude>
    <ClInclude Include="engine\collision\ColliderSphereModel.h">
      <Filter>ヘッダー ファイル\collision</Filter>
    </ClInclude>
    <ClInclude Include="engine\collision\ColliderSphereObject.h">
      <Filter>ヘッダー ファイル\collision</Filter>
    </ClInclude>
    <ClInclude Include="engine\collision\Collision.h">
      <Filter>ヘッダー ファイル\collision</Filter>
    </ClInclude>
    <ClInclude Include="engine\collision\CollisionPrimitive.h">
      <Filter>ヘッダー ファイル\collision</Filter>
    </ClInclude>
    <ClInclude Include="engine\fbx\FbxLoader.h">
      <Filter>ヘッダー ファイル\fbx</Filter>
    </ClInclude>
    <ClInclude Include="engine\fbx\FbxModel.h">
      <Filter>ヘッダー ファイル\fbx</Filter>
    </ClInclude>
    <ClInclude Include="engine\fbx\FbxObject3D.h">
      <Filter>ヘッダー ファイル\fbx</Filter>
    </ClInclude>
    <ClInclude Include="engine\light\CircleShadow.h">
      <Filter>ヘッダー ファイル\light</Filter>
    </ClInclude>
    <ClInclude Include="engine\light\DirectionalLight.h">
      <Filter>ヘッダー ファイル\light</Filter>
    </ClInclude>
    <ClInclude Include="engine\light\Light.h">
      <Filter>ヘッダー ファイル\light</Filter>
    </ClInclude>
    <ClInclude Include="engine\light\LightGroup.h">
      <Filter>ヘッダー ファイル\light</Filter>
    </ClInclude>
    <ClInclude Include="engine\light\PointLight.h">
      <Filter>ヘッダー ファイル\light</Filter>
    </ClInclude>
    <ClInclude Include="engine\light\SpotLight.h">
      <Filter>ヘッダー ファイル\light</Filter>
    </ClInclude>
    <ClInclude Include="engine\math\mathOriginal.h">
      <Filter>ヘッダー ファイル\math</Filter>
    </ClInclude>
    <ClInclude Include="engine\math\Matrix4.h">
      <Filter>ヘッダー ファイル\math</Filter>
    </ClInclude>
    <ClInclude Include="engine\particle\FireParticle.h">
      <Filter>ヘッダー ファイル\particle</Filter>
    </ClInclude>
    <ClInclude Include="engine\particle\SparkParticle.h">
      <Filter>ヘッダー ファイル\particle</Filter>
    </ClInclude>
    <ClInclude Include="engine\base\BIllboardSprite.h">
      <Filter>ヘッダー ファイル\base</Filter>
    </ClInclude>
    <ClInclude Include="engine\base\BillboardSpriteModel.h">
      <Filter>ヘッダー ファイル\base</Filter>
    </ClInclude>
    <ClInclude Include="engine\particle\SparkParticle2.h">
      <Filter>ヘッダー ファイル\particle</Filter>
    </ClInclude>
    <ClInclude Include="engine\particle\ExplosionParticle1.h">
      <Filter>ヘッダー ファイル\particle</Filter>
    </ClInclude>
    <ClInclude Include="engine\particle\ExplosionParticle2.h">
      <Filter>ヘッダー ファイル\particle</Filter>
    </ClInclude>
    <ClInclude Include="engine\base\SoundManager.h">
      <Filter>ヘッダー ファイル\base</Filter>
    </ClInclude>
  </ItemGroup>
  <ItemGroup>
    <FxCompile Include="..\Resources\Shaders\PixelShader.hlsl">
      <Filter>リソース ファイル\Shaders</Filter>
    </FxCompile>
    <FxCompile Include="..\Resources\Shaders\VertexShader.hlsl">
      <Filter>リソース ファイル\Shaders</Filter>
    </FxCompile>
    <FxCompile Include="..\Resources\Shaders\Blur\BlurPixelShader.hlsl">
      <Filter>リソース ファイル\Shaders\PostEffect\Blur</Filter>
    </FxCompile>
    <FxCompile Include="..\Resources\Shaders\Blur\BlurVertexShader.hlsl">
      <Filter>リソース ファイル\Shaders\PostEffect\Blur</Filter>
    </FxCompile>
    <FxCompile Include="..\Resources\Shaders\ChromaticAberration\ChromaticAberrationPixelShader.hlsl">
      <Filter>リソース ファイル\Shaders\PostEffect\ChromaticAberration</Filter>
    </FxCompile>
    <FxCompile Include="..\Resources\Shaders\ChromaticAberration\ChromaticAberrationVertexShader.hlsl">
      <Filter>リソース ファイル\Shaders\PostEffect\ChromaticAberration</Filter>
    </FxCompile>
    <FxCompile Include="..\Resources\Shaders\ColliderCube\ColliderCubePixelShader.hlsl">
      <Filter>リソース ファイル\Shaders\Object\ColliderCube</Filter>
    </FxCompile>
    <FxCompile Include="..\Resources\Shaders\ColliderCube\ColliderCubeVertexShader.hlsl">
      <Filter>リソース ファイル\Shaders\Object\ColliderCube</Filter>
    </FxCompile>
    <FxCompile Include="..\Resources\Shaders\DepthOfField\DepthOfFieldPixelShader.hlsl">
      <Filter>リソース ファイル\Shaders\PostEffect\DepthOfField</Filter>
    </FxCompile>
    <FxCompile Include="..\Resources\Shaders\DepthOfField\DepthOfFieldVertexShader.hlsl">
      <Filter>リソース ファイル\Shaders\PostEffect\DepthOfField</Filter>
    </FxCompile>
    <FxCompile Include="..\Resources\Shaders\Fbx\FbxPixelShader0.hlsl">
      <Filter>リソース ファイル\Shaders\Fbx</Filter>
    </FxCompile>
    <FxCompile Include="..\Resources\Shaders\Fbx\FbxPixelShader2.hlsl">
      <Filter>リソース ファイル\Shaders\Fbx</Filter>
    </FxCompile>
    <FxCompile Include="..\Resources\Shaders\Fbx\FbxVertexShader0.hlsl">
      <Filter>リソース ファイル\Shaders\Fbx</Filter>
    </FxCompile>
    <FxCompile Include="..\Resources\Shaders\Fbx\FbxVertexShader2.hlsl">
      <Filter>リソース ファイル\Shaders\Fbx</Filter>
    </FxCompile>
    <FxCompile Include="..\Resources\Shaders\Fog\FogPixelShader.hlsl">
      <Filter>リソース ファイル\Shaders\PostEffect\Fog</Filter>
    </FxCompile>
    <FxCompile Include="..\Resources\Shaders\Fog\FogVertexShader.hlsl">
      <Filter>リソース ファイル\Shaders\PostEffect\Fog</Filter>
    </FxCompile>
    <FxCompile Include="..\Resources\Shaders\Monochrome\MonochromePixelShader.hlsl">
      <Filter>リソース ファイル\Shaders\PostEffect\Monochrome</Filter>
    </FxCompile>
    <FxCompile Include="..\Resources\Shaders\Monochrome\MonochromeVertexShader.hlsl">
      <Filter>リソース ファイル\Shaders\PostEffect\Monochrome</Filter>
    </FxCompile>
    <FxCompile Include="..\Resources\Shaders\Mosaic\MosaicPixelShader.hlsl">
      <Filter>リソース ファイル\Shaders\PostEffect\Mosaic</Filter>
    </FxCompile>
    <FxCompile Include="..\Resources\Shaders\Mosaic\MosaicVertexShader.hlsl">
      <Filter>リソース ファイル\Shaders\PostEffect\Mosaic</Filter>
    </FxCompile>
    <FxCompile Include="..\Resources\Shaders\Reversal\ReversalPixelShader.hlsl">
      <Filter>リソース ファイル\Shaders\PostEffect\Reversal</Filter>
    </FxCompile>
    <FxCompile Include="..\Resources\Shaders\Reversal\ReversalVertexShader.hlsl">
      <Filter>リソース ファイル\Shaders\PostEffect\Reversal</Filter>
    </FxCompile>
    <FxCompile Include="..\Resources\Shaders\ShadowMap\ShadowMapPixelShader.hlsl">
      <Filter>リソース ファイル\Shaders\PostEffect\ShadowMap</Filter>
    </FxCompile>
    <FxCompile Include="..\Resources\Shaders\ShadowMap\ShadowMapVertexShader.hlsl">
      <Filter>リソース ファイル\Shaders\PostEffect\ShadowMap</Filter>
    </FxCompile>
    <FxCompile Include="..\Resources\Shaders\SparkParticle\SparkParticleGeometryShader.hlsl">
      <Filter>リソース ファイル\Shaders\Object\SparkParticle</Filter>
    </FxCompile>
    <FxCompile Include="..\Resources\Shaders\SparkParticle\SparkParticlePixelShader.hlsl">
      <Filter>リソース ファイル\Shaders\Object\SparkParticle</Filter>
    </FxCompile>
    <FxCompile Include="..\Resources\Shaders\SparkParticle\SparkParticleVertexShader.hlsl">
      <Filter>リソース ファイル\Shaders\Object\SparkParticle</Filter>
    </FxCompile>
    <FxCompile Include="..\Resources\Shaders\Sprite\SpritePixelShader.hlsl">
      <Filter>リソース ファイル\Shaders\Object\Sprite</Filter>
    </FxCompile>
    <FxCompile Include="..\Resources\Shaders\Sprite\SpriteVertexShader.hlsl">
      <Filter>リソース ファイル\Shaders\Object\Sprite</Filter>
    </FxCompile>
    <FxCompile Include="..\Resources\Shaders\Vignette\VignettePixelShader.hlsl">
      <Filter>リソース ファイル\Shaders\PostEffect\Vignette</Filter>
    </FxCompile>
    <FxCompile Include="..\Resources\Shaders\Vignette\VignetteVertexShader.hlsl">
      <Filter>リソース ファイル\Shaders\PostEffect\Vignette</Filter>
    </FxCompile>
    <FxCompile Include="..\Resources\Shaders\VolumeLight\VolumeLightPixelShader.hlsl">
      <Filter>リソース ファイル\Shaders\Object\VolumeLight</Filter>
    </FxCompile>
    <FxCompile Include="..\Resources\Shaders\VolumeLight\VolumeLightVertexShader.hlsl">
      <Filter>リソース ファイル\Shaders\Object\VolumeLight</Filter>
    </FxCompile>
    <FxCompile Include="..\Resources\Shaders\BillboardSprite\BillboardSpritePixelShader.hlsl">
      <Filter>リソース ファイル\Shaders\Object\BillboardSprite</Filter>
    </FxCompile>
    <FxCompile Include="..\Resources\Shaders\BillboardSprite\BillboardSpriteVertexShader.hlsl">
      <Filter>リソース ファイル\Shaders\Object\BillboardSprite</Filter>
    </FxCompile>
    <FxCompile Include="..\Resources\Shaders\SparkParticle2\SparkParticle2GeometryShader.hlsl">
      <Filter>リソース ファイル\Shaders\Object\SparkParticle2</Filter>
    </FxCompile>
    <FxCompile Include="..\Resources\Shaders\SparkParticle2\SparkParticle2PixelShader.hlsl">
      <Filter>リソース ファイル\Shaders\Object\SparkParticle2</Filter>
    </FxCompile>
    <FxCompile Include="..\Resources\Shaders\SparkParticle2\SparkParticle2VertexShader.hlsl">
      <Filter>リソース ファイル\Shaders\Object\SparkParticle2</Filter>
    </FxCompile>
    <FxCompile Include="..\Resources\Shaders\Ground\GroundPixelShader.hlsl">
      <Filter>リソース ファイル\Shaders\Fbx\Ground</Filter>
    </FxCompile>
    <FxCompile Include="..\Resources\Shaders\Ground\GroundVertexShader.hlsl">
      <Filter>リソース ファイル\Shaders\Fbx\Ground</Filter>
    </FxCompile>
    <FxCompile Include="..\Resources\Shaders\ExplosionParticle1\ExplosionParticle1GeometryShader.hlsl">
      <Filter>リソース ファイル\Shaders\Object\ExplosionParticle1</Filter>
    </FxCompile>
    <FxCompile Include="..\Resources\Shaders\ExplosionParticle1\ExplosionParticle1PixelShader.hlsl">
      <Filter>リソース ファイル\Shaders\Object\ExplosionParticle1</Filter>
    </FxCompile>
    <FxCompile Include="..\Resources\Shaders\ExplosionParticle1\ExplosionParticle1VertexShader.hlsl">
      <Filter>リソース ファイル\Shaders\Object\ExplosionParticle1</Filter>
    </FxCompile>
    <FxCompile Include="..\Resources\Shaders\ExplosionParticle2\ExplosionParticle2GeometryShader.hlsl">
      <Filter>リソース ファイル\Shaders\Object\ExplosionParticle2</Filter>
    </FxCompile>
    <FxCompile Include="..\Resources\Shaders\ExplosionParticle2\ExplosionParticle2PixelShader.hlsl">
      <Filter>リソース ファイル\Shaders\Object\ExplosionParticle2</Filter>
    </FxCompile>
    <FxCompile Include="..\Resources\Shaders\ExplosionParticle2\ExplosionParticle2VertexShader.hlsl">
      <Filter>リソース ファイル\Shaders\Object\ExplosionParticle2</Filter>
    </FxCompile>
  </ItemGroup>
  <ItemGroup>
    <None Include="..\Resources\Shaders\ShaderHeader.hlsli">
      <Filter>リソース ファイル\Shaders</Filter>
    </None>
    <None Include="..\Resources\Shaders\Blur\BlurEffectHeader.hlsli">
      <Filter>リソース ファイル\Shaders\PostEffect\Blur</Filter>
    </None>
    <None Include="..\Resources\Shaders\ChromaticAberration\ChromaticAberrationEffectHeader.hlsli">
      <Filter>リソース ファイル\Shaders\PostEffect\ChromaticAberration</Filter>
    </None>
    <None Include="..\Resources\Shaders\ColliderCube\ColliderCubeHeader.hlsli">
      <Filter>リソース ファイル\Shaders\Object\ColliderCube</Filter>
    </None>
    <None Include="..\Resources\Shaders\DepthOfField\DepthOfFieldHeader.hlsli">
      <Filter>リソース ファイル\Shaders\PostEffect\DepthOfField</Filter>
    </None>
    <None Include="..\Resources\Shaders\Fbx\FbxHeader0.hlsli">
      <Filter>リソース ファイル\Shaders\Fbx</Filter>
    </None>
    <None Include="..\Resources\Shaders\Fbx\FbxHeader2.hlsli">
      <Filter>リソース ファイル\Shaders\Fbx</Filter>
    </None>
    <None Include="..\Resources\Shaders\Fog\FogHeader.hlsli">
      <Filter>リソース ファイル\Shaders\PostEffect\Fog</Filter>
    </None>
    <None Include="..\Resources\Shaders\Monochrome\MonochromeEffectHeader.hlsli">
      <Filter>リソース ファイル\Shaders\PostEffect\Monochrome</Filter>
    </None>
    <None Include="..\Resources\Shaders\Mosaic\MosaicEffectHeader.hlsli">
      <Filter>リソース ファイル\Shaders\PostEffect\Mosaic</Filter>
    </None>
    <None Include="..\Resources\Shaders\Reversal\ReversalEffectHeader.hlsli">
      <Filter>リソース ファイル\Shaders\PostEffect\Reversal</Filter>
    </None>
    <None Include="..\Resources\Shaders\ShadowMap\ShadowMapHeader.hlsli">
      <Filter>リソース ファイル\Shaders\PostEffect\ShadowMap</Filter>
    </None>
    <None Include="..\Resources\Shaders\SparkParticle\SparkParticleHeader.hlsli">
      <Filter>リソース ファイル\Shaders\Object\SparkParticle</Filter>
    </None>
    <None Include="..\Resources\Shaders\Sprite\SpriteHeader.hlsli">
      <Filter>リソース ファイル\Shaders\Object\Sprite</Filter>
    </None>
    <None Include="..\Resources\Shaders\Vignette\VignetteHeader.hlsli">
      <Filter>リソース ファイル\Shaders\PostEffect\Vignette</Filter>
    </None>
    <None Include="..\Resources\Shaders\VolumeLight\VolumeLightHeader.hlsli">
      <Filter>リソース ファイル\Shaders\Object\VolumeLight</Filter>
    </None>
    <None Include="..\Resources\Shaders\BillboardSprite\BillboardSpriteHeader.hlsli">
      <Filter>リソース ファイル\Shaders\Object\BillboardSprite</Filter>
    </None>
    <None Include="..\Resources\Shaders\SparkParticle2\SparkParticle2Header.hlsli">
      <Filter>リソース ファイル\Shaders\Object\SparkParticle2</Filter>
    </None>
    <None Include="..\Resources\Shaders\Ground\GroundHeader.hlsli">
      <Filter>リソース ファイル\Shaders\Fbx\Ground</Filter>
    </None>
    <None Include="..\Resources\Shaders\ExplosionParticle1\ExplosionParticle1Header.hlsli">
      <Filter>リソース ファイル\Shaders\Object\ExplosionParticle1</Filter>
    </None>
    <None Include="..\Resources\Shaders\ExplosionParticle2\ExplosionParticle2Header.hlsli">
      <Filter>リソース ファイル\Shaders\Object\ExplosionParticle2</Filter>
    </None>
  </ItemGroup>
</Project>